
Microsoft Visual Studio Solution File, Format Version 12.00
# Visual Studio Version 17
VisualStudioVersion = 17.9.34728.123
MinimumVisualStudioVersion = 10.0.40219.1
Project("{FAE04EC0-301F-11D3-BF4B-00C04F79EFBC}") = "FUNewsManagementSystem.WebMVC", "FUNewsManagementSystem.WebMVC\FUNewsManagementSystem.WebMVC.csproj", "{93C579CC-A86F-4F2F-9E1A-6E637C5ECD8C}"
EndProject
Global
	GlobalSection(SolutionConfigurationPlatforms) = preSolution
		Debug|Any CPU = Debug|Any CPU
		Release|Any CPU = Release|Any CPU
	EndGlobalSection
	GlobalSection(ProjectConfigurationPlatforms) = postSolution
		{93C579CC-A86F-4F2F-9E1A-6E637C5ECD8C}.Debug|Any CPU.ActiveCfg = Debug|Any CPU
		{93C579CC-A86F-4F2F-9E1A-6E637C5ECD8C}.Debug|Any CPU.Build.0 = Debug|Any CPU
		{93C579CC-A86F-4F2F-9E1A-6E637C5ECD8C}.Release|Any CPU.ActiveCfg = Release|Any CPU
		{93C579CC-A86F-4F2F-9E1A-6E637C5ECD8C}.Release|Any CPU.Build.0 = Release|Any CPU
	EndGlobalSection
	GlobalSection(SolutionProperties) = preSolution
		HideSolutionNode = FALSE
	EndGlobalSection
	GlobalSection(ExtensibilityGlobals) = postSolution
		SolutionGuid = {5CCB66FD-40CC-45FB-92C5-00E914568218}
	EndGlobalSection
EndGlobal
